
Microsoft Visual Studio Solution File, Format Version 12.00
# Visual Studio Version 16
VisualStudioVersion = 16.0.29009.5
MinimumVisualStudioVersion = 10.0.40219.1
Project("{FAE04EC0-301F-11D3-BF4B-00C04F79EFBC}") = "kf2-server-gui", "kf2-server-gui\kf2-server-gui.csproj", "{12761FE8-C65D-4BDE-BC67-723442766103}"
EndProject
Global
	GlobalSection(SolutionConfigurationPlatforms) = preSolution
		Debug|Any CPU = Debug|Any CPU
		Release|Any CPU = Release|Any CPU
	EndGlobalSection
	GlobalSection(ProjectConfigurationPlatforms) = postSolution
		{12761FE8-C65D-4BDE-BC67-723442766103}.Debug|Any CPU.ActiveCfg = Debug|Any CPU
		{12761FE8-C65D-4BDE-BC67-723442766103}.Debug|Any CPU.Build.0 = Debug|Any CPU
		{12761FE8-C65D-4BDE-BC67-723442766103}.Release|Any CPU.ActiveCfg = Release|Any CPU
		{12761FE8-C65D-4BDE-BC67-723442766103}.Release|Any CPU.Build.0 = Release|Any CPU
	EndGlobalSection
	GlobalSection(SolutionProperties) = preSolution
		HideSolutionNode = FALSE
	EndGlobalSection
	GlobalSection(ExtensibilityGlobals) = postSolution
		SolutionGuid = {933ECAC5-7EA7-418D-B710-7BA7AE43DDE9}
	EndGlobalSection
EndGlobal
